{
  "requires": true,
  "lockfileVersion": 1,
  "dependencies": {
    "angular": {
      "version": "1.7.9",
      "resolved": "https://registry.npm.taobao.org/angular/download/angular-1.7.9.tgz",
      "integrity": "sha1-5SYW6HAcF3JMPCOM/k+URv1XC8Q="
    },
    "requirejs": {
      "version": "2.3.6",
      "resolved": "https://registry.npm.taobao.org/requirejs/download/requirejs-2.3.6.tgz",
      "integrity": "sha1-5Qk9lgHCgpJRJYwLlEXU0Z+p58k="
    }
  }
}
